
Microsoft Visual Studio Solution File, Format Version 12.00
# Visual Studio Version 17
VisualStudioVersion = 17.14.36705.20 d17.14
MinimumVisualStudioVersion = 10.0.40219.1
Project("{00D1A9C2-B5F0-4AF3-8072-F6C62B433612}") = "KalpitaNexa.DB", "KalpitaNexa.DB\KalpitaNexa.DB.sqlproj", "{EB6A260F-DA95-417C-97D6-6CF9137F66C9}"
EndProject
Global
	GlobalSection(SolutionConfigurationPlatforms) = preSolution
		Debug|Any CPU = Debug|Any CPU
		Release|Any CPU = Release|Any CPU
	EndGlobalSection
	GlobalSection(ProjectConfigurationPlatforms) = postSolution
		{EB6A260F-DA95-417C-97D6-6CF9137F66C9}.Debug|Any CPU.ActiveCfg = Debug|Any CPU
		{EB6A260F-DA95-417C-97D6-6CF9137F66C9}.Debug|Any CPU.Build.0 = Debug|Any CPU
		{EB6A260F-DA95-417C-97D6-6CF9137F66C9}.Debug|Any CPU.Deploy.0 = Debug|Any CPU
		{EB6A260F-DA95-417C-97D6-6CF9137F66C9}.Release|Any CPU.ActiveCfg = Release|Any CPU
		{EB6A260F-DA95-417C-97D6-6CF9137F66C9}.Release|Any CPU.Build.0 = Release|Any CPU
		{EB6A260F-DA95-417C-97D6-6CF9137F66C9}.Release|Any CPU.Deploy.0 = Release|Any CPU
	EndGlobalSection
	GlobalSection(SolutionProperties) = preSolution
		HideSolutionNode = FALSE
	EndGlobalSection
	GlobalSection(ExtensibilityGlobals) = postSolution
		SolutionGuid = {C43E5AAD-E86B-4EC3-86C8-7FF2E99CE475}
	EndGlobalSection
EndGlobal
